{
  "name": "serverless",
  "version": "1.0.0",
  "lockfileVersion": 2,
  "requires": true,
  "packages": {
    "": {
      "name": "serverless",
      "version": "1.0.0",
      "dependencies": {
        "@prisma/client": "^4.13.0",
        "class-transformer": "^0.5.1",
        "class-validator": "^0.14.0",
        "prisma": "^4.13.0",
        "reflect-metadata": "^0.1.13",
        "typedi": "^0.10.0"
      },
      "devDependencies": {
        "@azure/functions": "^3.0.0",
        "@types/node": "^16.x",
        "typescript": "^4.0.0"
      }
    },
    "node_modules/@azure/functions": {
      "version": "3.5.1",
      "resolved": "https://registry.npmjs.org/@azure/functions/-/functions-3.5.1.tgz",
      "integrity": "sha512-6UltvJiuVpvHSwLcK/Zc6NfUwlkDLOFFx97BHCJzlWNsfiWwzwmTsxJXg4kE/LemKTHxPpfoPE+kOJ8hAdiKFQ==",
      "dev": true,
      "dependencies": {
        "iconv-lite": "^0.6.3",
        "long": "^4.0.0",
        "uuid": "^8.3.0"
      }
    },
    "node_modules/@prisma/client": {
      "version": "4.13.0",
      "resolved": "https://registry.npmjs.org/@prisma/client/-/client-4.13.0.tgz",
      "integrity": "sha512-YaiiICcRB2hatxsbnfB66uWXjcRw3jsZdlAVxmx0cFcTc/Ad/sKdHCcWSnqyDX47vAewkjRFwiLwrOUjswVvmA==",
      "hasInstallScript": true,
      "dependencies": {
        "@prisma/engines-version": "4.13.0-50.1e7af066ee9cb95cf3a403c78d9aab3e6b04f37a"
      },
      "engines": {
        "node": ">=14.17"
      },
      "peerDependencies": {
        "prisma": "*"
      },
      "peerDependenciesMeta": {
        "prisma": {
          "optional": true
        }
      }
    },
    "node_modules/@prisma/engines": {
      "version": "4.13.0",
      "resolved": "https://registry.npmjs.org/@prisma/engines/-/engines-4.13.0.tgz",
      "integrity": "sha512-HrniowHRZXHuGT9XRgoXEaP2gJLXM5RMoItaY2PkjvuZ+iHc0Zjbm/302MB8YsPdWozAPHHn+jpFEcEn71OgPw==",
      "hasInstallScript": true
    },
    "node_modules/@prisma/engines-version": {
      "version": "4.13.0-50.1e7af066ee9cb95cf3a403c78d9aab3e6b04f37a",
      "resolved": "https://registry.npmjs.org/@prisma/engines-version/-/engines-version-4.13.0-50.1e7af066ee9cb95cf3a403c78d9aab3e6b04f37a.tgz",
      "integrity": "sha512-fsQlbkhPJf08JOzKoyoD9atdUijuGBekwoOPZC3YOygXEml1MTtgXVpnUNchQlRSY82OQ6pSGQ9PxUe4arcSLQ=="
    },
    "node_modules/@types/node": {
      "version": "16.18.24",
      "resolved": "https://registry.npmjs.org/@types/node/-/node-16.18.24.tgz",
      "integrity": "sha512-zvSN2Esek1aeLdKDYuntKAYjti9Z2oT4I8bfkLLhIxHlv3dwZ5vvATxOc31820iYm4hQRCwjUgDpwSMFjfTUnw==",
      "dev": true
    },
    "node_modules/@types/validator": {
      "version": "13.7.15",
      "resolved": "https://registry.npmjs.org/@types/validator/-/validator-13.7.15.tgz",
      "integrity": "sha512-yeinDVQunb03AEP8luErFcyf/7Lf7AzKCD0NXfgVoGCCQDNpZET8Jgq74oBgqKld3hafLbfzt/3inUdQvaFeXQ=="
    },
    "node_modules/class-transformer": {
      "version": "0.5.1",
      "resolved": "https://registry.npmjs.org/class-transformer/-/class-transformer-0.5.1.tgz",
      "integrity": "sha512-SQa1Ws6hUbfC98vKGxZH3KFY0Y1lm5Zm0SY8XX9zbK7FJCyVEac3ATW0RIpwzW+oOfmHE5PMPufDG9hCfoEOMw=="
    },
    "node_modules/class-validator": {
      "version": "0.14.0",
      "resolved": "https://registry.npmjs.org/class-validator/-/class-validator-0.14.0.tgz",
      "integrity": "sha512-ct3ltplN8I9fOwUd8GrP8UQixwff129BkEtuWDKL5W45cQuLd19xqmTLu5ge78YDm/fdje6FMt0hGOhl0lii3A==",
      "dependencies": {
        "@types/validator": "^13.7.10",
        "libphonenumber-js": "^1.10.14",
        "validator": "^13.7.0"
      }
    },
    "node_modules/iconv-lite": {
      "version": "0.6.3",
      "resolved": "https://registry.npmjs.org/iconv-lite/-/iconv-lite-0.6.3.tgz",
      "integrity": "sha512-4fCk79wshMdzMp2rH06qWrJE4iolqLhCUH+OiuIgU++RB0+94NlDL81atO7GX55uUKueo0txHNtvEyI6D7WdMw==",
      "dev": true,
      "dependencies": {
        "safer-buffer": ">= 2.1.2 < 3.0.0"
      },
      "engines": {
        "node": ">=0.10.0"
      }
    },
    "node_modules/libphonenumber-js": {
      "version": "1.10.28",
      "resolved": "https://registry.npmjs.org/libphonenumber-js/-/libphonenumber-js-1.10.28.tgz",
      "integrity": "sha512-1eAgjLrZA0+2Wgw4hs+4Q/kEBycxQo8ZLYnmOvZ3AlM8ImAVAJgDPlZtISLEzD1vunc2q8s2Pn7XwB7I8U3Kzw=="
    },
    "node_modules/long": {
      "version": "4.0.0",
      "resolved": "https://registry.npmjs.org/long/-/long-4.0.0.tgz",
      "integrity": "sha512-XsP+KhQif4bjX1kbuSiySJFNAehNxgLb6hPRGJ9QsUr8ajHkuXGdrHmFUTUUXhDwVX2R5bY4JNZEwbUiMhV+MA==",
      "dev": true
    },
    "node_modules/prisma": {
      "version": "4.13.0",
      "resolved": "https://registry.npmjs.org/prisma/-/prisma-4.13.0.tgz",
      "integrity": "sha512-L9mqjnSmvWIRCYJ9mQkwCtj4+JDYYTdhoyo8hlsHNDXaZLh/b4hR0IoKIBbTKxZuyHQzLopb/+0Rvb69uGV7uA==",
      "hasInstallScript": true,
      "dependencies": {
        "@prisma/engines": "4.13.0"
      },
      "bin": {
        "prisma": "build/index.js",
        "prisma2": "build/index.js"
      },
      "engines": {
        "node": ">=14.17"
      }
    },
    "node_modules/reflect-metadata": {
      "version": "0.1.13",
      "resolved": "https://registry.npmjs.org/reflect-metadata/-/reflect-metadata-0.1.13.tgz",
      "integrity": "sha512-Ts1Y/anZELhSsjMcU605fU9RE4Oi3p5ORujwbIKXfWa+0Zxs510Qrmrce5/Jowq3cHSZSJqBjypxmHarc+vEWg=="
    },
    "node_modules/safer-buffer": {
      "version": "2.1.2",
      "resolved": "https://registry.npmjs.org/safer-buffer/-/safer-buffer-2.1.2.tgz",
      "integrity": "sha512-YZo3K82SD7Riyi0E1EQPojLz7kpepnSQI9IyPbHHg1XXXevb5dJI7tpyN2ADxGcQbHG7vcyRHk0cbwqcQriUtg==",
      "dev": true
    },
    "node_modules/typedi": {
      "version": "0.10.0",
      "resolved": "https://registry.npmjs.org/typedi/-/typedi-0.10.0.tgz",
      "integrity": "sha512-v3UJF8xm68BBj6AF4oQML3ikrfK2c9EmZUyLOfShpJuItAqVBHWP/KtpGinkSsIiP6EZyyb6Z3NXyW9dgS9X1w=="
    },
    "node_modules/typescript": {
      "version": "4.9.5",
      "resolved": "https://registry.npmjs.org/typescript/-/typescript-4.9.5.tgz",
      "integrity": "sha512-1FXk9E2Hm+QzZQ7z+McJiHL4NW1F2EzMu9Nq9i3zAaGqibafqYwCVU6WyWAuyQRRzOlxou8xZSyXLEN8oKj24g==",
      "dev": true,
      "bin": {
        "tsc": "bin/tsc",
        "tsserver": "bin/tsserver"
      },
      "engines": {
        "node": ">=4.2.0"
      }
    },
    "node_modules/uuid": {
      "version": "8.3.2",
      "resolved": "https://registry.npmjs.org/uuid/-/uuid-8.3.2.tgz",
      "integrity": "sha512-+NYs2QeMWy+GWFOEm9xnn6HCDp0l7QBD7ml8zLUmJ+93Q5NF0NocErnwkTkXVFNiX3/fpC6afS8Dhb/gz7R7eg==",
      "dev": true,
      "bin": {
        "uuid": "dist/bin/uuid"
      }
    },
    "node_modules/validator": {
      "version": "13.9.0",
      "resolved": "https://registry.npmjs.org/validator/-/validator-13.9.0.tgz",
      "integrity": "sha512-B+dGG8U3fdtM0/aNK4/X8CXq/EcxU2WPrPEkJGslb47qyHsxmbggTWK0yEA4qnYVNF+nxNlN88o14hIcPmSIEA==",
      "engines": {
        "node": ">= 0.10"
      }
    }
  },
  "dependencies": {
    "@azure/functions": {
      "version": "3.5.1",
      "resolved": "https://registry.npmjs.org/@azure/functions/-/functions-3.5.1.tgz",
      "integrity": "sha512-6UltvJiuVpvHSwLcK/Zc6NfUwlkDLOFFx97BHCJzlWNsfiWwzwmTsxJXg4kE/LemKTHxPpfoPE+kOJ8hAdiKFQ==",
      "dev": true,
      "requires": {
        "iconv-lite": "^0.6.3",
        "long": "^4.0.0",
        "uuid": "^8.3.0"
      }
    },
    "@prisma/client": {
      "version": "4.13.0",
      "resolved": "https://registry.npmjs.org/@prisma/client/-/client-4.13.0.tgz",
      "integrity": "sha512-YaiiICcRB2hatxsbnfB66uWXjcRw3jsZdlAVxmx0cFcTc/Ad/sKdHCcWSnqyDX47vAewkjRFwiLwrOUjswVvmA==",
      "requires": {
        "@prisma/engines-version": "4.13.0-50.1e7af066ee9cb95cf3a403c78d9aab3e6b04f37a"
      }
    },
    "@prisma/engines": {
      "version": "4.13.0",
      "resolved": "https://registry.npmjs.org/@prisma/engines/-/engines-4.13.0.tgz",
      "integrity": "sha512-HrniowHRZXHuGT9XRgoXEaP2gJLXM5RMoItaY2PkjvuZ+iHc0Zjbm/302MB8YsPdWozAPHHn+jpFEcEn71OgPw=="
    },
    "@prisma/engines-version": {
      "version": "4.13.0-50.1e7af066ee9cb95cf3a403c78d9aab3e6b04f37a",
      "resolved": "https://registry.npmjs.org/@prisma/engines-version/-/engines-version-4.13.0-50.1e7af066ee9cb95cf3a403c78d9aab3e6b04f37a.tgz",
      "integrity": "sha512-fsQlbkhPJf08JOzKoyoD9atdUijuGBekwoOPZC3YOygXEml1MTtgXVpnUNchQlRSY82OQ6pSGQ9PxUe4arcSLQ=="
    },
    "@types/node": {
      "version": "16.18.24",
      "resolved": "https://registry.npmjs.org/@types/node/-/node-16.18.24.tgz",
      "integrity": "sha512-zvSN2Esek1aeLdKDYuntKAYjti9Z2oT4I8bfkLLhIxHlv3dwZ5vvATxOc31820iYm4hQRCwjUgDpwSMFjfTUnw==",
      "dev": true
    },
    "@types/validator": {
      "version": "13.7.15",
      "resolved": "https://registry.npmjs.org/@types/validator/-/validator-13.7.15.tgz",
      "integrity": "sha512-yeinDVQunb03AEP8luErFcyf/7Lf7AzKCD0NXfgVoGCCQDNpZET8Jgq74oBgqKld3hafLbfzt/3inUdQvaFeXQ=="
    },
    "class-transformer": {
      "version": "0.5.1",
      "resolved": "https://registry.npmjs.org/class-transformer/-/class-transformer-0.5.1.tgz",
      "integrity": "sha512-SQa1Ws6hUbfC98vKGxZH3KFY0Y1lm5Zm0SY8XX9zbK7FJCyVEac3ATW0RIpwzW+oOfmHE5PMPufDG9hCfoEOMw=="
    },
    "class-validator": {
      "version": "0.14.0",
      "resolved": "https://registry.npmjs.org/class-validator/-/class-validator-0.14.0.tgz",
      "integrity": "sha512-ct3ltplN8I9fOwUd8GrP8UQixwff129BkEtuWDKL5W45cQuLd19xqmTLu5ge78YDm/fdje6FMt0hGOhl0lii3A==",
      "requires": {
        "@types/validator": "^13.7.10",
        "libphonenumber-js": "^1.10.14",
        "validator": "^13.7.0"
      }
    },
    "iconv-lite": {
      "version": "0.6.3",
      "resolved": "https://registry.npmjs.org/iconv-lite/-/iconv-lite-0.6.3.tgz",
      "integrity": "sha512-4fCk79wshMdzMp2rH06qWrJE4iolqLhCUH+OiuIgU++RB0+94NlDL81atO7GX55uUKueo0txHNtvEyI6D7WdMw==",
      "dev": true,
      "requires": {
        "safer-buffer": ">= 2.1.2 < 3.0.0"
      }
    },
    "libphonenumber-js": {
      "version": "1.10.28",
      "resolved": "https://registry.npmjs.org/libphonenumber-js/-/libphonenumber-js-1.10.28.tgz",
      "integrity": "sha512-1eAgjLrZA0+2Wgw4hs+4Q/kEBycxQo8ZLYnmOvZ3AlM8ImAVAJgDPlZtISLEzD1vunc2q8s2Pn7XwB7I8U3Kzw=="
    },
    "long": {
      "version": "4.0.0",
      "resolved": "https://registry.npmjs.org/long/-/long-4.0.0.tgz",
      "integrity": "sha512-XsP+KhQif4bjX1kbuSiySJFNAehNxgLb6hPRGJ9QsUr8ajHkuXGdrHmFUTUUXhDwVX2R5bY4JNZEwbUiMhV+MA==",
      "dev": true
    },
    "prisma": {
      "version": "4.13.0",
      "resolved": "https://registry.npmjs.org/prisma/-/prisma-4.13.0.tgz",
      "integrity": "sha512-L9mqjnSmvWIRCYJ9mQkwCtj4+JDYYTdhoyo8hlsHNDXaZLh/b4hR0IoKIBbTKxZuyHQzLopb/+0Rvb69uGV7uA==",
      "requires": {
        "@prisma/engines": "4.13.0"
      }
    },
    "reflect-metadata": {
      "version": "0.1.13",
      "resolved": "https://registry.npmjs.org/reflect-metadata/-/reflect-metadata-0.1.13.tgz",
      "integrity": "sha512-Ts1Y/anZELhSsjMcU605fU9RE4Oi3p5ORujwbIKXfWa+0Zxs510Qrmrce5/Jowq3cHSZSJqBjypxmHarc+vEWg=="
    },
    "safer-buffer": {
      "version": "2.1.2",
      "resolved": "https://registry.npmjs.org/safer-buffer/-/safer-buffer-2.1.2.tgz",
      "integrity": "sha512-YZo3K82SD7Riyi0E1EQPojLz7kpepnSQI9IyPbHHg1XXXevb5dJI7tpyN2ADxGcQbHG7vcyRHk0cbwqcQriUtg==",
      "dev": true
    },
    "typedi": {
      "version": "0.10.0",
      "resolved": "https://registry.npmjs.org/typedi/-/typedi-0.10.0.tgz",
      "integrity": "sha512-v3UJF8xm68BBj6AF4oQML3ikrfK2c9EmZUyLOfShpJuItAqVBHWP/KtpGinkSsIiP6EZyyb6Z3NXyW9dgS9X1w=="
    },
    "typescript": {
      "version": "4.9.5",
      "resolved": "https://registry.npmjs.org/typescript/-/typescript-4.9.5.tgz",
      "integrity": "sha512-1FXk9E2Hm+QzZQ7z+McJiHL4NW1F2EzMu9Nq9i3zAaGqibafqYwCVU6WyWAuyQRRzOlxou8xZSyXLEN8oKj24g==",
      "dev": true
    },
    "uuid": {
      "version": "8.3.2",
      "resolved": "https://registry.npmjs.org/uuid/-/uuid-8.3.2.tgz",
      "integrity": "sha512-+NYs2QeMWy+GWFOEm9xnn6HCDp0l7QBD7ml8zLUmJ+93Q5NF0NocErnwkTkXVFNiX3/fpC6afS8Dhb/gz7R7eg==",
      "dev": true
    },
    "validator": {
      "version": "13.9.0",
      "resolved": "https://registry.npmjs.org/validator/-/validator-13.9.0.tgz",
      "integrity": "sha512-B+dGG8U3fdtM0/aNK4/X8CXq/EcxU2WPrPEkJGslb47qyHsxmbggTWK0yEA4qnYVNF+nxNlN88o14hIcPmSIEA=="
    }
  }
}
